// !$*UTF8*$!
{
	archiveVersion = 1;
	classes = {
	};
	objectVersion = 55;
	objects = {

/* Begin PBXBuildFile section */
		71C6F6F526FCB935004A49B1 /* AppDelegate.swift in Sources */ = {isa = PBXBuildFile; fileRef = 71C6F6F426FCB935004A49B1 /* AppDelegate.swift */; };
		71C6F6F726FCB935004A49B1 /* SceneDelegate.swift in Sources */ = {isa = PBXBuildFile; fileRef = 71C6F6F626FCB935004A49B1 /* SceneDelegate.swift */; };
		71C6F6FE26FCB936004A49B1 /* Assets.xcassets in Resources */ = {isa = PBXBuildFile; fileRef = 71C6F6FD26FCB936004A49B1 /* Assets.xcassets */; };
		71C6F70126FCB936004A49B1 /* LaunchScreen.storyboard in Resources */ = {isa = PBXBuildFile; fileRef = 71C6F6FF26FCB936004A49B1 /* LaunchScreen.storyboard */; };
		71CBCDAA26FDED8200F6ECFB /* PhotoLibrary.storyboard in Resources */ = {isa = PBXBuildFile; fileRef = 71CBCDA726FDED8200F6ECFB /* PhotoLibrary.storyboard */; };
		71CBCDAB26FDED8200F6ECFB /* PhotoLibraryPresenter.swift in Sources */ = {isa = PBXBuildFile; fileRef = 71CBCDA826FDED8200F6ECFB /* PhotoLibraryPresenter.swift */; };
		71CBCDAC26FDED8200F6ECFB /* PhotoLibraryViewController.swift in Sources */ = {isa = PBXBuildFile; fileRef = 71CBCDA926FDED8200F6ECFB /* PhotoLibraryViewController.swift */; };
		71CBCDB226FDF6F000F6ECFB /* StartScreen.storyboard in Resources */ = {isa = PBXBuildFile; fileRef = 71CBCDAF26FDF6F000F6ECFB /* StartScreen.storyboard */; };
		71CBCDB326FDF6F000F6ECFB /* StartScreenPresenter.swift in Sources */ = {isa = PBXBuildFile; fileRef = 71CBCDB026FDF6F000F6ECFB /* StartScreenPresenter.swift */; };
		71CBCDB426FDF6F000F6ECFB /* StartScreenViewController.swift in Sources */ = {isa = PBXBuildFile; fileRef = 71CBCDB126FDF6F000F6ECFB /* StartScreenViewController.swift */; };
/* End PBXBuildFile section */

/* Begin PBXFileReference section */
		71C6F6F126FCB935004A49B1 /* PhotoLibrary.app */ = {isa = PBXFileReference; explicitFileType = wrapper.application; includeInIndex = 0; path = PhotoLibrary.app; sourceTree = BUILT_PRODUCTS_DIR; };
		71C6F6F426FCB935004A49B1 /* AppDelegate.swift */ = {isa = PBXFileReference; lastKnownFileType = sourcecode.swift; path = AppDelegate.swift; sourceTree = "<group>"; };
		71C6F6F626FCB935004A49B1 /* SceneDelegate.swift */ = {isa = PBXFileReference; lastKnownFileType = sourcecode.swift; path = SceneDelegate.swift; sourceTree = "<group>"; };
		71C6F6FD26FCB936004A49B1 /* Assets.xcassets */ = {isa = PBXFileReference; lastKnownFileType = folder.assetcatalog; path = Assets.xcassets; sourceTree = "<group>"; };
		71C6F70026FCB936004A49B1 /* Base */ = {isa = PBXFileReference; lastKnownFileType = file.storyboard; name = Base; path = Base.lproj/LaunchScreen.storyboard; sourceTree = "<group>"; };
		71C6F70226FCB936004A49B1 /* Info.plist */ = {isa = PBXFileReference; lastKnownFileType = text.plist.xml; path = Info.plist; sourceTree = "<group>"; };
		71CBCDA726FDED8200F6ECFB /* PhotoLibrary.storyboard */ = {isa = PBXFileReference; lastKnownFileType = file.storyboard; path = PhotoLibrary.storyboard; sourceTree = "<group>"; };
		71CBCDA826FDED8200F6ECFB /* PhotoLibraryPresenter.swift */ = {isa = PBXFileReference; lastKnownFileType = sourcecode.swift; path = PhotoLibraryPresenter.swift; sourceTree = "<group>"; };
		71CBCDA926FDED8200F6ECFB /* PhotoLibraryViewController.swift */ = {isa = PBXFileReference; lastKnownFileType = sourcecode.swift; path = PhotoLibraryViewController.swift; sourceTree = "<group>"; };
		71CBCDAF26FDF6F000F6ECFB /* StartScreen.storyboard */ = {isa = PBXFileReference; lastKnownFileType = file.storyboard; path = StartScreen.storyboard; sourceTree = "<group>"; };
		71CBCDB026FDF6F000F6ECFB /* StartScreenPresenter.swift */ = {isa = PBXFileReference; lastKnownFileType = sourcecode.swift; path = StartScreenPresenter.swift; sourceTree = "<group>"; };
		71CBCDB126FDF6F000F6ECFB /* StartScreenViewController.swift */ = {isa = PBXFileReference; lastKnownFileType = sourcecode.swift; path = StartScreenViewController.swift; sourceTree = "<group>"; };
/* End PBXFileReference section */

/* Begin PBXFrameworksBuildPhase section */
		71C6F6EE26FCB935004A49B1 /* Frameworks */ = {
			isa = PBXFrameworksBuildPhase;
			buildActionMask = 2147483647;
			files = (
			);
			runOnlyForDeploymentPostprocessing = 0;
		};
/* End PBXFrameworksBuildPhase section */

/* Begin PBXGroup section */
		71C6F6E826FCB935004A49B1 = {
			isa = PBXGroup;
			children = (
				71C6F6F326FCB935004A49B1 /* PhotoLibrary */,
				71C6F6F226FCB935004A49B1 /* Products */,
			);
			sourceTree = "<group>";
		};
		71C6F6F226FCB935004A49B1 /* Products */ = {
			isa = PBXGroup;
			children = (
				71C6F6F126FCB935004A49B1 /* PhotoLibrary.app */,
			);
			name = Products;
			sourceTree = "<group>";
		};
		71C6F6F326FCB935004A49B1 /* PhotoLibrary */ = {
			isa = PBXGroup;
			children = (
				71C6F6F426FCB935004A49B1 /* AppDelegate.swift */,
				71C6F6F626FCB935004A49B1 /* SceneDelegate.swift */,
				71CBCDAD26FDF2D600F6ECFB /* PhotoLibrary */,
				71C6F6FD26FCB936004A49B1 /* Assets.xcassets */,
				71C6F6FF26FCB936004A49B1 /* LaunchScreen.storyboard */,
				71C6F70226FCB936004A49B1 /* Info.plist */,
			);
			path = PhotoLibrary;
			sourceTree = "<group>";
		};
		71CBCDAD26FDF2D600F6ECFB /* PhotoLibrary */ = {
			isa = PBXGroup;
			children = (
				71CBCDB526FDF72200F6ECFB /* StartScreen */,
				71CBCDAE26FDF5FA00F6ECFB /* Second screen */,
			);
			path = PhotoLibrary;
			sourceTree = "<group>";
		};
		71CBCDAE26FDF5FA00F6ECFB /* Second screen */ = {
			isa = PBXGroup;
			children = (
				71CBCDA726FDED8200F6ECFB /* PhotoLibrary.storyboard */,
				71CBCDA926FDED8200F6ECFB /* PhotoLibraryViewController.swift */,
				71CBCDA826FDED8200F6ECFB /* PhotoLibraryPresenter.swift */,
			);
			path = "Second screen";
			sourceTree = "<group>";
		};
		71CBCDB526FDF72200F6ECFB /* StartScreen */ = {
			isa = PBXGroup;
			children = (
				71CBCDAF26FDF6F000F6ECFB /* StartScreen.storyboard */,
				71CBCDB126FDF6F000F6ECFB /* StartScreenViewController.swift */,
				71CBCDB026FDF6F000F6ECFB /* StartScreenPresenter.swift */,
			);
			path = StartScreen;
			sourceTree = "<group>";
		};
/* End PBXGroup section */

/* Begin PBXNativeTarget section */
		71C6F6F026FCB935004A49B1 /* PhotoLibrary */ = {
			isa = PBXNativeTarget;
			buildConfigurationList = 71C6F70526FCB936004A49B1 /* Build configuration list for PBXNativeTarget "PhotoLibrary" */;
			buildPhases = (
				71C6F6ED26FCB935004A49B1 /* Sources */,
				71C6F6EE26FCB935004A49B1 /* Frameworks */,
				71C6F6EF26FCB935004A49B1 /* Resources */,
			);
			buildRules = (
			);
			dependencies = (
			);
			name = PhotoLibrary;
			productName = PhotoLibrary;
			productReference = 71C6F6F126FCB935004A49B1 /* PhotoLibrary.app */;
			productType = "com.apple.product-type.application";
		};
/* End PBXNativeTarget section */

/* Begin PBXProject section */
		71C6F6E926FCB935004A49B1 /* Project object */ = {
			isa = PBXProject;
			attributes = {
				BuildIndependentTargetsInParallel = 1;
				LastSwiftUpdateCheck = 1300;
				LastUpgradeCheck = 1300;
				TargetAttributes = {
					71C6F6F026FCB935004A49B1 = {
						CreatedOnToolsVersion = 13.0;
					};
				};
			};
			buildConfigurationList = 71C6F6EC26FCB935004A49B1 /* Build configuration list for PBXProject "PhotoLibrary" */;
			compatibilityVersion = "Xcode 13.0";
			developmentRegion = en;
			hasScannedForEncodings = 0;
			knownRegions = (
				en,
				Base,
			);
			mainGroup = 71C6F6E826FCB935004A49B1;
			productRefGroup = 71C6F6F226FCB935004A49B1 /* Products */;
			projectDirPath = "";
			projectRoot = "";
			targets = (
				71C6F6F026FCB935004A49B1 /* PhotoLibrary */,
			);
		};
/* End PBXProject section */

/* Begin PBXResourcesBuildPhase section */
		71C6F6EF26FCB935004A49B1 /* Resources */ = {
			isa = PBXResourcesBuildPhase;
			buildActionMask = 2147483647;
			files = (
				71C6F70126FCB936004A49B1 /* LaunchScreen.storyboard in Resources */,
				71CBCDAA26FDED8200F6ECFB /* PhotoLibrary.storyboard in Resources */,
				71C6F6FE26FCB936004A49B1 /* Assets.xcassets in Resources */,
				71CBCDB226FDF6F000F6ECFB /* StartScreen.storyboard in Resources */,
			);
			runOnlyForDeploymentPostprocessing = 0;
		};
/* End PBXResourcesBuildPhase section */

/* Begin PBXSourcesBuildPhase section */
		71C6F6ED26FCB935004A49B1 /* Sources */ = {
			isa = PBXSourcesBuildPhase;
			buildActionMask = 2147483647;
			files = (
				71CBCDAB26FDED8200F6ECFB /* PhotoLibraryPresenter.swift in Sources */,
				71C6F6F526FCB935004A49B1 /* AppDelegate.swift in Sources */,
				71CBCDB326FDF6F000F6ECFB /* StartScreenPresenter.swift in Sources */,
				71CBCDB426FDF6F000F6ECFB /* StartScreenViewController.swift in Sources */,
				71CBCDAC26FDED8200F6ECFB /* PhotoLibraryViewController.swift in Sources */,
				71C6F6F726FCB935004A49B1 /* SceneDelegate.swift in Sources */,
			);
			runOnlyForDeploymentPostprocessing = 0;
		};
/* End PBXSourcesBuildPhase section */

/* Begin PBXVariantGroup section */
		71C6F6FF26FCB936004A49B1 /* LaunchScreen.storyboard */ = {
			isa = PBXVariantGroup;
			children = (
				71C6F70026FCB936004A49B1 /* Base */,
			);
			name = LaunchScreen.storyboard;
			sourceTree = "<group>";
		};
/* End PBXVariantGroup section */

/* Begin XCBuildConfiguration section */
		71C6F70326FCB936004A49B1 /* Debug */ = {
			isa = XCBuildConfiguration;
			buildSettings = {
				ALWAYS_SEARCH_USER_PATHS = NO;
				CLANG_ANALYZER_NONNULL = YES;
				CLANG_ANALYZER_NUMBER_OBJECT_CONVERSION = YES_AGGRESSIVE;
				CLANG_CXX_LANGUAGE_STANDARD = "gnu++17";
				CLANG_CXX_LIBRARY = "libc++";
				CLANG_ENABLE_MODULES = YES;
				CLANG_ENABLE_OBJC_ARC = YES;
				CLANG_ENABLE_OBJC_WEAK = YES;
				CLANG_WARN_BLOCK_CAPTURE_AUTORELEASING = YES;
				CLANG_WARN_BOOL_CONVERSION = YES;
				CLANG_WARN_COMMA = YES;
				CLANG_WARN_CONSTANT_CONVERSION = YES;
				CLANG_WARN_DEPRECATED_OBJC_IMPLEMENTATIONS = YES;
				CLANG_WARN_DIRECT_OBJC_ISA_USAGE = YES_ERROR;
				CLANG_WARN_DOCUMENTATION_COMMENTS = YES;
				CLANG_WARN_EMPTY_BODY = YES;
				CLANG_WARN_ENUM_CONVERSION = YES;
				CLANG_WARN_INFINITE_RECURSION = YES;
				CLANG_WARN_INT_CONVERSION = YES;
				CLANG_WARN_NON_LITERAL_NULL_CONVERSION = YES;
				CLANG_WARN_OBJC_IMPLICIT_RETAIN_SELF = YES;
				CLANG_WARN_OBJC_LITERAL_CONVERSION = YES;
				CLANG_WARN_OBJC_ROOT_CLASS = YES_ERROR;
				CLANG_WARN_QUOTED_INCLUDE_IN_FRAMEWORK_HEADER = YES;
				CLANG_WARN_RANGE_LOOP_ANALYSIS = YES;
				CLANG_WARN_STRICT_PROTOTYPES = YES;
				CLANG_WARN_SUSPICIOUS_MOVE = YES;
				CLANG_WARN_UNGUARDED_AVAILABILITY = YES_AGGRESSIVE;
				CLANG_WARN_UNREACHABLE_CODE = YES;
				CLANG_WARN__DUPLICATE_METHOD_MATCH = YES;
				COPY_PHASE_STRIP = NO;
				DEBUG_INFORMATION_FORMAT = dwarf;
				ENABLE_STRICT_OBJC_MSGSEND = YES;
				ENABLE_TESTABILITY = YES;
				GCC_C_LANGUAGE_STANDARD = gnu11;
				GCC_DYNAMIC_NO_PIC = NO;
				GCC_NO_COMMON_BLOCKS = YES;
				GCC_OPTIMIZATION_LEVEL = 0;
				GCC_PREPROCESSOR_DEFINITIONS = (
					"DEBUG=1",
					"$(inherited)",
				);
				GCC_WARN_64_TO_32_BIT_CONVERSION = YES;
				GCC_WARN_ABOUT_RETURN_TYPE = YES_ERROR;
				GCC_WARN_UNDECLARED_SELECTOR = YES;
				GCC_WARN_UNINITIALIZED_AUTOS = YES_AGGRESSIVE;
				GCC_WARN_UNUSED_FUNCTION = YES;
				GCC_WARN_UNUSED_VARIABLE = YES;
				IPHONEOS_DEPLOYMENT_TARGET = 15.0;
				MTL_ENABLE_DEBUG_INFO = INCLUDE_SOURCE;
				MTL_FAST_MATH = YES;
				ONLY_ACTIVE_ARCH = YES;
				SDKROOT = iphoneos;
				SWIFT_ACTIVE_COMPILATION_CONDITIONS = DEBUG;
				SWIFT_OPTIMIZATION_LEVEL = "-Onone";
			};
			name = Debug;
		};
		71C6F70426FCB936004A49B1 /* Release */ = {
			isa = XCBuildConfiguration;
			buildSettings = {
				ALWAYS_SEARCH_USER_PATHS = NO;
				CLANG_ANALYZER_NONNULL = YES;
				CLANG_ANALYZER_NUMBER_OBJECT_CONVERSION = YES_AGGRESSIVE;
				CLANG_CXX_LANGUAGE_STANDARD = "gnu++17";
				CLANG_CXX_LIBRARY = "libc++";
				CLANG_ENABLE_MODULES = YES;
				CLANG_ENABLE_OBJC_ARC = YES;
				CLANG_ENABLE_OBJC_WEAK = YES;
				CLANG_WARN_BLOCK_CAPTURE_AUTORELEASING = YES;
				CLANG_WARN_BOOL_CONVERSION = YES;
				CLANG_WARN_COMMA = YES;
				CLANG_WARN_CONSTANT_CONVERSION = YES;
				CLANG_WARN_DEPRECATED_OBJC_IMPLEMENTATIONS = YES;
				CLANG_WARN_DIRECT_OBJC_ISA_USAGE = YES_ERROR;
				CLANG_WARN_DOCUMENTATION_COMMENTS = YES;
				CLANG_WARN_EMPTY_BODY = YES;
				CLANG_WARN_ENUM_CONVERSION = YES;
				CLANG_WARN_INFINITE_RECURSION = YES;
				CLANG_WARN_INT_CONVERSION = YES;
				CLANG_WARN_NON_LITERAL_NULL_CONVERSION = YES;
				CLANG_WARN_OBJC_IMPLICIT_RETAIN_SELF = YES;
				CLANG_WARN_OBJC_LITERAL_CONVERSION = YES;
				CLANG_WARN_OBJC_ROOT_CLASS = YES_ERROR;
				CLANG_WARN_QUOTED_INCLUDE_IN_FRAMEWORK_HEADER = YES;
				CLANG_WARN_RANGE_LOOP_ANALYSIS = YES;
				CLANG_WARN_STRICT_PROTOTYPES = YES;
				CLANG_WARN_SUSPICIOUS_MOVE = YES;
				CLANG_WARN_UNGUARDED_AVAILABILITY = YES_AGGRESSIVE;
				CLANG_WARN_UNREACHABLE_CODE = YES;
				CLANG_WARN__DUPLICATE_METHOD_MATCH = YES;
				COPY_PHASE_STRIP = NO;
				DEBUG_INFORMATION_FORMAT = "dwarf-with-dsym";
				ENABLE_NS_ASSERTIONS = NO;
				ENABLE_STRICT_OBJC_MSGSEND = YES;
				GCC_C_LANGUAGE_STANDARD = gnu11;
				GCC_NO_COMMON_BLOCKS = YES;
				GCC_WARN_64_TO_32_BIT_CONVERSION = YES;
				GCC_WARN_ABOUT_RETURN_TYPE = YES_ERROR;
				GCC_WARN_UNDECLARED_SELECTOR = YES;
				GCC_WARN_UNINITIALIZED_AUTOS = YES_AGGRESSIVE;
				GCC_WARN_UNUSED_FUNCTION = YES;
				GCC_WARN_UNUSED_VARIABLE = YES;
				IPHONEOS_DEPLOYMENT_TARGET = 15.0;
				MTL_ENABLE_DEBUG_INFO = NO;
				MTL_FAST_MATH = YES;
				SDKROOT = iphoneos;
				SWIFT_COMPILATION_MODE = wholemodule;
				SWIFT_OPTIMIZATION_LEVEL = "-O";
				VALIDATE_PRODUCT = YES;
			};
			name = Release;
		};
		71C6F70626FCB936004A49B1 /* Debug */ = {
			isa = XCBuildConfiguration;
			buildSettings = {
				ASSETCATALOG_COMPILER_APPICON_NAME = AppIcon;
				ASSETCATALOG_COMPILER_GLOBAL_ACCENT_COLOR_NAME = AccentColor;
				CODE_SIGN_STYLE = Automatic;
				CURRENT_PROJECT_VERSION = 1;
				DEVELOPMENT_TEAM = BJ2Y72RG5B;
				GENERATE_INFOPLIST_FILE = YES;
				INFOPLIST_FILE = PhotoLibrary/Info.plist;
				INFOPLIST_KEY_UIApplicationSupportsIndirectInputEvents = YES;
				INFOPLIST_KEY_UILaunchStoryboardName = LaunchScreen;
				INFOPLIST_KEY_UISupportedInterfaceOrientations = "UIInterfaceOrientationPortrait UIInterfaceOrientationLandscapeLeft UIInterfaceOrientationLandscapeRight";
				INFOPLIST_KEY_UISupportedInterfaceOrientations_iPad = "UIInterfaceOrientationPortrait UIInterfaceOrientationPortraitUpsideDown UIInterfaceOrientationLandscapeLeft UIInterfaceOrientationLandscapeRight";
				INFOPLIST_KEY_UISupportedInterfaceOrientations_iPhone = "UIInterfaceOrientationPortrait UIInterfaceOrientationLandscapeLeft UIInterfaceOrientationLandscapeRight";
				LD_RUNPATH_SEARCH_PATHS = (
					"$(inherited)",
					"@executable_path/Frameworks",
				);
				MARKETING_VERSION = 1.0;
				PRODUCT_BUNDLE_IDENTIFIER = com.evgeniyNosko.PhotoLibrary;
				PRODUCT_NAME = "$(TARGET_NAME)";
				SWIFT_EMIT_LOC_STRINGS = YES;
				SWIFT_VERSION = 5.0;
				TARGETED_DEVICE_FAMILY = "1,2";
			};
			name = Debug;
		};
		71C6F70726FCB936004A49B1 /* Release */ = {
			isa = XCBuildConfiguration;
			buildSettings = {
				ASSETCATALOG_COMPILER_APPICON_NAME = AppIcon;
				ASSETCATALOG_COMPILER_GLOBAL_ACCENT_COLOR_NAME = AccentColor;
				CODE_SIGN_STYLE = Automatic;
				CURRENT_PROJECT_VERSION = 1;
				DEVELOPMENT_TEAM = BJ2Y72RG5B;
				GENERATE_INFOPLIST_FILE = YES;
				INFOPLIST_FILE = PhotoLibrary/Info.plist;
				INFOPLIST_KEY_UIApplicationSupportsIndirectInputEvents = YES;
				INFOPLIST_KEY_UILaunchStoryboardName = LaunchScreen;
				INFOPLIST_KEY_UISupportedInterfaceOrientations = "UIInterfaceOrientationPortrait UIInterfaceOrientationLandscapeLeft UIInterfaceOrientationLandscapeRight";
				INFOPLIST_KEY_UISupportedInterfaceOrientations_iPad = "UIInterfaceOrientationPortrait UIInterfaceOrientationPortraitUpsideDown UIInterfaceOrientationLandscapeLeft UIInterfaceOrientationLandscapeRight";
				INFOPLIST_KEY_UISupportedInterfaceOrientations_iPhone = "UIInterfaceOrientationPortrait UIInterfaceOrientationLandscapeLeft UIInterfaceOrientationLandscapeRight";
				LD_RUNPATH_SEARCH_PATHS = (
					"$(inherited)",
					"@executable_path/Frameworks",
				);
				MARKETING_VERSION = 1.0;
				PRODUCT_BUNDLE_IDENTIFIER = com.evgeniyNosko.PhotoLibrary;
				PRODUCT_NAME = "$(TARGET_NAME)";
				SWIFT_EMIT_LOC_STRINGS = YES;
				SWIFT_VERSION = 5.0;
				TARGETED_DEVICE_FAMILY = "1,2";
			};
			name = Release;
		};
/* End XCBuildConfiguration section */

/* Begin XCConfigurationList section */
		71C6F6EC26FCB935004A49B1 /* Build configuration list for PBXProject "PhotoLibrary" */ = {
			isa = XCConfigurationList;
			buildConfigurations = (
				71C6F70326FCB936004A49B1 /* Debug */,
				71C6F70426FCB936004A49B1 /* Release */,
			);
			defaultConfigurationIsVisible = 0;
			defaultConfigurationName = Release;
		};
		71C6F70526FCB936004A49B1 /* Build configuration list for PBXNativeTarget "PhotoLibrary" */ = {
			isa = XCConfigurationList;
			buildConfigurations = (
				71C6F70626FCB936004A49B1 /* Debug */,
				71C6F70726FCB936004A49B1 /* Release */,
			);
			defaultConfigurationIsVisible = 0;
			defaultConfigurationName = Release;
		};
/* End XCConfigurationList section */
	};
	rootObject = 71C6F6E926FCB935004A49B1 /* Project object */;
}
